
Microsoft Visual Studio Solution File, Format Version 12.00
# Visual Studio Version 16
VisualStudioVersion = 16.0.31702.278
MinimumVisualStudioVersion = 10.0.40219.1
Project("{FAE04EC0-301F-11D3-BF4B-00C04F79EFBC}") = "Pages", "Pages\Pages.csproj", "{B56CC3E8-5375-46B1-9E82-AA8AACC6B125}"
EndProject
Global
	GlobalSection(SolutionConfigurationPlatforms) = preSolution
		Debug|Any CPU = Debug|Any CPU
		Release|Any CPU = Release|Any CPU
	EndGlobalSection
	GlobalSection(ProjectConfigurationPlatforms) = postSolution
		{B56CC3E8-5375-46B1-9E82-AA8AACC6B125}.Debug|Any CPU.ActiveCfg = Debug|Any CPU
		{B56CC3E8-5375-46B1-9E82-AA8AACC6B125}.Debug|Any CPU.Build.0 = Debug|Any CPU
		{B56CC3E8-5375-46B1-9E82-AA8AACC6B125}.Release|Any CPU.ActiveCfg = Release|Any CPU
		{B56CC3E8-5375-46B1-9E82-AA8AACC6B125}.Release|Any CPU.Build.0 = Release|Any CPU
	EndGlobalSection
	GlobalSection(SolutionProperties) = preSolution
		HideSolutionNode = FALSE
	EndGlobalSection
	GlobalSection(ExtensibilityGlobals) = postSolution
		SolutionGuid = {98703ACA-569E-420C-9C02-2A59C3A8AD56}
	EndGlobalSection
EndGlobal
